
Microsoft Visual Studio Solution File, Format Version 12.00
Project("{FAE04EC0-301F-11D3-BF4B-00C04F79EFBC}") = "backend", "backend.csproj", "{0AF0515D-7274-4B80-9214-4E3532B107AE}"
EndProject
Global
	GlobalSection(SolutionConfigurationPlatforms) = preSolution
		Debug|Any CPU = Debug|Any CPU
		Release|Any CPU = Release|Any CPU
	EndGlobalSection
	GlobalSection(ProjectConfigurationPlatforms) = postSolution
		{0AF0515D-7274-4B80-9214-4E3532B107AE}.Debug|Any CPU.ActiveCfg = Debug|Any CPU
		{0AF0515D-7274-4B80-9214-4E3532B107AE}.Debug|Any CPU.Build.0 = Debug|Any CPU
		{0AF0515D-7274-4B80-9214-4E3532B107AE}.Release|Any CPU.ActiveCfg = Release|Any CPU
		{0AF0515D-7274-4B80-9214-4E3532B107AE}.Release|Any CPU.Build.0 = Release|Any CPU
	EndGlobalSection
EndGlobal
